
Microsoft Visual Studio Solution File, Format Version 12.00
Project("{FAE04EC0-301F-11D3-BF4B-00C04F79EFBC}") = "AirCnC.API", "AirCnC.API\AirCnC.API.csproj", "{F2CD7D22-E0CD-4130-8572-F7C06C95953E}"
EndProject
Project("{FAE04EC0-301F-11D3-BF4B-00C04F79EFBC}") = "AirCnC.Application", "AirCnC.Application\AirCnC.Application.csproj", "{0B64DE70-010D-45E0-AB4F-D0B0A70ADCA6}"
EndProject
Project("{FAE04EC0-301F-11D3-BF4B-00C04F79EFBC}") = "AirCnC.Domain", "AirCnC.Domain\AirCnC.Domain.csproj", "{FF606310-22FE-471D-9B64-FA60D9025DA9}"
EndProject
Project("{FAE04EC0-301F-11D3-BF4B-00C04F79EFBC}") = "AirCnC.Infrastructure", "AirCnC.Infrastructure\AirCnC.Infrastructure.csproj", "{311A194D-B745-4001-A3D5-25DD59982D0B}"
EndProject
Project("{2150E333-8FDC-42A3-9474-1A3956D46DE8}") = "Solution Items", "Solution Items", "{7BC30DE1-3B7E-4CD3-8A03-C8B6017BBBF3}"
	ProjectSection(SolutionItems) = preProject
		docker-compose.yml = docker-compose.yml
	EndProjectSection
EndProject
Global
	GlobalSection(SolutionConfigurationPlatforms) = preSolution
		Debug|Any CPU = Debug|Any CPU
		Release|Any CPU = Release|Any CPU
	EndGlobalSection
	GlobalSection(ProjectConfigurationPlatforms) = postSolution
		{F2CD7D22-E0CD-4130-8572-F7C06C95953E}.Debug|Any CPU.ActiveCfg = Debug|Any CPU
		{F2CD7D22-E0CD-4130-8572-F7C06C95953E}.Debug|Any CPU.Build.0 = Debug|Any CPU
		{F2CD7D22-E0CD-4130-8572-F7C06C95953E}.Release|Any CPU.ActiveCfg = Release|Any CPU
		{F2CD7D22-E0CD-4130-8572-F7C06C95953E}.Release|Any CPU.Build.0 = Release|Any CPU
		{0B64DE70-010D-45E0-AB4F-D0B0A70ADCA6}.Debug|Any CPU.ActiveCfg = Debug|Any CPU
		{0B64DE70-010D-45E0-AB4F-D0B0A70ADCA6}.Debug|Any CPU.Build.0 = Debug|Any CPU
		{0B64DE70-010D-45E0-AB4F-D0B0A70ADCA6}.Release|Any CPU.ActiveCfg = Release|Any CPU
		{0B64DE70-010D-45E0-AB4F-D0B0A70ADCA6}.Release|Any CPU.Build.0 = Release|Any CPU
		{FF606310-22FE-471D-9B64-FA60D9025DA9}.Debug|Any CPU.ActiveCfg = Debug|Any CPU
		{FF606310-22FE-471D-9B64-FA60D9025DA9}.Debug|Any CPU.Build.0 = Debug|Any CPU
		{FF606310-22FE-471D-9B64-FA60D9025DA9}.Release|Any CPU.ActiveCfg = Release|Any CPU
		{FF606310-22FE-471D-9B64-FA60D9025DA9}.Release|Any CPU.Build.0 = Release|Any CPU
		{311A194D-B745-4001-A3D5-25DD59982D0B}.Debug|Any CPU.ActiveCfg = Debug|Any CPU
		{311A194D-B745-4001-A3D5-25DD59982D0B}.Debug|Any CPU.Build.0 = Debug|Any CPU
		{311A194D-B745-4001-A3D5-25DD59982D0B}.Release|Any CPU.ActiveCfg = Release|Any CPU
		{311A194D-B745-4001-A3D5-25DD59982D0B}.Release|Any CPU.Build.0 = Release|Any CPU
	EndGlobalSection
EndGlobal
